
Microsoft Visual Studio Solution File, Format Version 12.00
# Visual Studio Version 17
VisualStudioVersion = 17.0.32112.339
MinimumVisualStudioVersion = 10.0.40219.1
Project("{FAE04EC0-301F-11D3-BF4B-00C04F79EFBC}") = "SpotMeBro.Android", "SpotMeBro\SpotMeBro.Android\SpotMeBro.Android.csproj", "{DB009C8F-C9B7-4527-BA70-B1404F36D540}"
EndProject
Project("{9A19103F-16F7-4668-BE54-9A1E7A4F7556}") = "SpotMeBro", "SpotMeBro\SpotMeBro\SpotMeBro.csproj", "{54D16643-3E35-4E33-A7F6-79F4FE24350B}"
EndProject
Global
	GlobalSection(SolutionConfigurationPlatforms) = preSolution
		Debug|Any CPU = Debug|Any CPU
		Release|Any CPU = Release|Any CPU
	EndGlobalSection
	GlobalSection(ProjectConfigurationPlatforms) = postSolution
		{DB009C8F-C9B7-4527-BA70-B1404F36D540}.Debug|Any CPU.ActiveCfg = Debug|Any CPU
		{DB009C8F-C9B7-4527-BA70-B1404F36D540}.Debug|Any CPU.Build.0 = Debug|Any CPU
		{DB009C8F-C9B7-4527-BA70-B1404F36D540}.Debug|Any CPU.Deploy.0 = Debug|Any CPU
		{DB009C8F-C9B7-4527-BA70-B1404F36D540}.Release|Any CPU.ActiveCfg = Release|Any CPU
		{DB009C8F-C9B7-4527-BA70-B1404F36D540}.Release|Any CPU.Build.0 = Release|Any CPU
		{DB009C8F-C9B7-4527-BA70-B1404F36D540}.Release|Any CPU.Deploy.0 = Release|Any CPU
		{54D16643-3E35-4E33-A7F6-79F4FE24350B}.Debug|Any CPU.ActiveCfg = Release|Any CPU
		{54D16643-3E35-4E33-A7F6-79F4FE24350B}.Debug|Any CPU.Build.0 = Release|Any CPU
		{54D16643-3E35-4E33-A7F6-79F4FE24350B}.Debug|Any CPU.Deploy.0 = Release|Any CPU
		{54D16643-3E35-4E33-A7F6-79F4FE24350B}.Release|Any CPU.ActiveCfg = Release|Any CPU
		{54D16643-3E35-4E33-A7F6-79F4FE24350B}.Release|Any CPU.Build.0 = Release|Any CPU
		{54D16643-3E35-4E33-A7F6-79F4FE24350B}.Release|Any CPU.Deploy.0 = Release|Any CPU
	EndGlobalSection
	GlobalSection(SolutionProperties) = preSolution
		HideSolutionNode = FALSE
	EndGlobalSection
	GlobalSection(ExtensibilityGlobals) = postSolution
		SolutionGuid = {6B0E0297-C50D-4C6C-BFAE-9BA53DFF2870}
	EndGlobalSection
EndGlobal
